
Microsoft Visual Studio Solution File, Format Version 12.00
# Visual Studio Version 16
VisualStudioVersion = 16.0.29709.97
MinimumVisualStudioVersion = 10.0.40219.1
Project("{FAE04EC0-301F-11D3-BF4B-00C04F79EFBC}") = "L06_ClassWork", "L06_ClassWork.csproj", "{1595B8A7-2418-4264-AE65-EEAEA8B8B688}"
EndProject
Global
	GlobalSection(SolutionConfigurationPlatforms) = preSolution
		Debug|Any CPU = Debug|Any CPU
		Release|Any CPU = Release|Any CPU
	EndGlobalSection
	GlobalSection(ProjectConfigurationPlatforms) = postSolution
		{1595B8A7-2418-4264-AE65-EEAEA8B8B688}.Debug|Any CPU.ActiveCfg = Debug|Any CPU
		{1595B8A7-2418-4264-AE65-EEAEA8B8B688}.Debug|Any CPU.Build.0 = Debug|Any CPU
		{1595B8A7-2418-4264-AE65-EEAEA8B8B688}.Release|Any CPU.ActiveCfg = Release|Any CPU
		{1595B8A7-2418-4264-AE65-EEAEA8B8B688}.Release|Any CPU.Build.0 = Release|Any CPU
	EndGlobalSection
	GlobalSection(SolutionProperties) = preSolution
		HideSolutionNode = FALSE
	EndGlobalSection
	GlobalSection(ExtensibilityGlobals) = postSolution
		SolutionGuid = {26DB71BC-DA60-44BF-8476-7C628EB0CF01}
	EndGlobalSection
EndGlobal
