
Microsoft Visual Studio Solution File, Format Version 12.00
# Visual Studio Version 16
VisualStudioVersion = 16.0.29709.97
MinimumVisualStudioVersion = 10.0.40219.1
Project("{FAE04EC0-301F-11D3-BF4B-00C04F79EFBC}") = "L05_ClassWork", "L05_ClassWork.csproj", "{C5133AC3-0B7D-43C2-9584-AE9A0006865F}"
EndProject
Global
	GlobalSection(SolutionConfigurationPlatforms) = preSolution
		Debug|Any CPU = Debug|Any CPU
		Release|Any CPU = Release|Any CPU
	EndGlobalSection
	GlobalSection(ProjectConfigurationPlatforms) = postSolution
		{C5133AC3-0B7D-43C2-9584-AE9A0006865F}.Debug|Any CPU.ActiveCfg = Debug|Any CPU
		{C5133AC3-0B7D-43C2-9584-AE9A0006865F}.Debug|Any CPU.Build.0 = Debug|Any CPU
		{C5133AC3-0B7D-43C2-9584-AE9A0006865F}.Release|Any CPU.ActiveCfg = Release|Any CPU
		{C5133AC3-0B7D-43C2-9584-AE9A0006865F}.Release|Any CPU.Build.0 = Release|Any CPU
	EndGlobalSection
	GlobalSection(SolutionProperties) = preSolution
		HideSolutionNode = FALSE
	EndGlobalSection
	GlobalSection(ExtensibilityGlobals) = postSolution
		SolutionGuid = {D2A7BCCC-2FC2-42AD-92EC-A2E4E92A5F85}
	EndGlobalSection
EndGlobal
