
Microsoft Visual Studio Solution File, Format Version 12.00
# Visual Studio Version 16
VisualStudioVersion = 16.0.29709.97
MinimumVisualStudioVersion = 10.0.40219.1
Project("{FAE04EC0-301F-11D3-BF4B-00C04F79EFBC}") = "L13CW", "L13CW.csproj", "{7317E8A9-2228-418A-9B4D-8FC594A7FE99}"
EndProject
Global
	GlobalSection(SolutionConfigurationPlatforms) = preSolution
		Debug|Any CPU = Debug|Any CPU
		Release|Any CPU = Release|Any CPU
	EndGlobalSection
	GlobalSection(ProjectConfigurationPlatforms) = postSolution
		{7317E8A9-2228-418A-9B4D-8FC594A7FE99}.Debug|Any CPU.ActiveCfg = Debug|Any CPU
		{7317E8A9-2228-418A-9B4D-8FC594A7FE99}.Debug|Any CPU.Build.0 = Debug|Any CPU
		{7317E8A9-2228-418A-9B4D-8FC594A7FE99}.Release|Any CPU.ActiveCfg = Release|Any CPU
		{7317E8A9-2228-418A-9B4D-8FC594A7FE99}.Release|Any CPU.Build.0 = Release|Any CPU
	EndGlobalSection
	GlobalSection(SolutionProperties) = preSolution
		HideSolutionNode = FALSE
	EndGlobalSection
	GlobalSection(ExtensibilityGlobals) = postSolution
		SolutionGuid = {6D9053FD-D104-42E0-BF2A-59FF74A3FC6D}
	EndGlobalSection
EndGlobal
