
Microsoft Visual Studio Solution File, Format Version 12.00
# Visual Studio Version 16
VisualStudioVersion = 16.0.29613.14
MinimumVisualStudioVersion = 10.0.40219.1
Project("{9A19103F-16F7-4668-BE54-9A1E7A4F7556}") = "ConsoleApp1", "ConsoleApp1.csproj", "{AED0A7EE-D5CA-40EB-BE9A-C5AE215EB832}"
EndProject
Global
	GlobalSection(SolutionConfigurationPlatforms) = preSolution
		Debug|Any CPU = Debug|Any CPU
		Release|Any CPU = Release|Any CPU
	EndGlobalSection
	GlobalSection(ProjectConfigurationPlatforms) = postSolution
		{AED0A7EE-D5CA-40EB-BE9A-C5AE215EB832}.Debug|Any CPU.ActiveCfg = Debug|Any CPU
		{AED0A7EE-D5CA-40EB-BE9A-C5AE215EB832}.Debug|Any CPU.Build.0 = Debug|Any CPU
		{AED0A7EE-D5CA-40EB-BE9A-C5AE215EB832}.Release|Any CPU.ActiveCfg = Release|Any CPU
		{AED0A7EE-D5CA-40EB-BE9A-C5AE215EB832}.Release|Any CPU.Build.0 = Release|Any CPU
	EndGlobalSection
	GlobalSection(SolutionProperties) = preSolution
		HideSolutionNode = FALSE
	EndGlobalSection
	GlobalSection(ExtensibilityGlobals) = postSolution
		SolutionGuid = {150569D1-ADE6-4CB7-B64E-2A16EA5923B4}
	EndGlobalSection
EndGlobal
