
Microsoft Visual Studio Solution File, Format Version 12.00
# Visual Studio Version 16
VisualStudioVersion = 16.0.29613.14
MinimumVisualStudioVersion = 10.0.40219.1
Project("{FAE04EC0-301F-11D3-BF4B-00C04F79EFBC}") = "L03_ClassWork", "L03_ClassWork.csproj", "{CE58140F-05FB-4344-B7D0-3F653EB98CB4}"
EndProject
Global
	GlobalSection(SolutionConfigurationPlatforms) = preSolution
		Debug|Any CPU = Debug|Any CPU
		Release|Any CPU = Release|Any CPU
	EndGlobalSection
	GlobalSection(ProjectConfigurationPlatforms) = postSolution
		{CE58140F-05FB-4344-B7D0-3F653EB98CB4}.Debug|Any CPU.ActiveCfg = Debug|Any CPU
		{CE58140F-05FB-4344-B7D0-3F653EB98CB4}.Debug|Any CPU.Build.0 = Debug|Any CPU
		{CE58140F-05FB-4344-B7D0-3F653EB98CB4}.Release|Any CPU.ActiveCfg = Release|Any CPU
		{CE58140F-05FB-4344-B7D0-3F653EB98CB4}.Release|Any CPU.Build.0 = Release|Any CPU
	EndGlobalSection
	GlobalSection(SolutionProperties) = preSolution
		HideSolutionNode = FALSE
	EndGlobalSection
	GlobalSection(ExtensibilityGlobals) = postSolution
		SolutionGuid = {1DC9FB95-6044-4F68-A8C8-9936867F7A41}
	EndGlobalSection
EndGlobal
