
Microsoft Visual Studio Solution File, Format Version 12.00
# Visual Studio Version 16
VisualStudioVersion = 16.0.29709.97
MinimumVisualStudioVersion = 10.0.40219.1
Project("{FAE04EC0-301F-11D3-BF4B-00C04F79EFBC}") = "L12CW", "L12CW.csproj", "{40F23481-E48D-44DC-892D-0F19061547B5}"
EndProject
Global
	GlobalSection(SolutionConfigurationPlatforms) = preSolution
		Debug|Any CPU = Debug|Any CPU
		Release|Any CPU = Release|Any CPU
	EndGlobalSection
	GlobalSection(ProjectConfigurationPlatforms) = postSolution
		{40F23481-E48D-44DC-892D-0F19061547B5}.Debug|Any CPU.ActiveCfg = Debug|Any CPU
		{40F23481-E48D-44DC-892D-0F19061547B5}.Debug|Any CPU.Build.0 = Debug|Any CPU
		{40F23481-E48D-44DC-892D-0F19061547B5}.Release|Any CPU.ActiveCfg = Release|Any CPU
		{40F23481-E48D-44DC-892D-0F19061547B5}.Release|Any CPU.Build.0 = Release|Any CPU
	EndGlobalSection
	GlobalSection(SolutionProperties) = preSolution
		HideSolutionNode = FALSE
	EndGlobalSection
	GlobalSection(ExtensibilityGlobals) = postSolution
		SolutionGuid = {CFB27CFA-F2FE-400C-8E72-6D8086CE789D}
	EndGlobalSection
EndGlobal
