
Microsoft Visual Studio Solution File, Format Version 12.00
# Visual Studio Version 16
VisualStudioVersion = 16.0.29728.190
MinimumVisualStudioVersion = 10.0.40219.1
Project("{9A19103F-16F7-4668-BE54-9A1E7A4F7556}") = "L23_C01_asp_net_core_app", "L23_C01_asp_net_core_app\L23_C01_asp_net_core_app.csproj", "{CD450726-CAC7-4193-BF22-6AEDE4A53003}"
EndProject
Project("{FAE04EC0-301F-11D3-BF4B-00C04F79EFBC}") = "CitiesData.Core", "CitiesData.Core\CitiesData.Core.csproj", "{8A6422DF-C9E1-4BE3-9C40-5326A33333E3}"
EndProject
Project("{FAE04EC0-301F-11D3-BF4B-00C04F79EFBC}") = "CitiesData.InMemory", "CitiesData.InMemory\CitiesData.InMemory.csproj", "{F99C5340-2EA5-432F-873E-AC0AEBC8837D}"
EndProject
Global
	GlobalSection(SolutionConfigurationPlatforms) = preSolution
		Debug|Any CPU = Debug|Any CPU
		Release|Any CPU = Release|Any CPU
	EndGlobalSection
	GlobalSection(ProjectConfigurationPlatforms) = postSolution
		{CD450726-CAC7-4193-BF22-6AEDE4A53003}.Debug|Any CPU.ActiveCfg = Debug|Any CPU
		{CD450726-CAC7-4193-BF22-6AEDE4A53003}.Debug|Any CPU.Build.0 = Debug|Any CPU
		{CD450726-CAC7-4193-BF22-6AEDE4A53003}.Release|Any CPU.ActiveCfg = Release|Any CPU
		{CD450726-CAC7-4193-BF22-6AEDE4A53003}.Release|Any CPU.Build.0 = Release|Any CPU
		{8A6422DF-C9E1-4BE3-9C40-5326A33333E3}.Debug|Any CPU.ActiveCfg = Debug|Any CPU
		{8A6422DF-C9E1-4BE3-9C40-5326A33333E3}.Debug|Any CPU.Build.0 = Debug|Any CPU
		{8A6422DF-C9E1-4BE3-9C40-5326A33333E3}.Release|Any CPU.ActiveCfg = Release|Any CPU
		{8A6422DF-C9E1-4BE3-9C40-5326A33333E3}.Release|Any CPU.Build.0 = Release|Any CPU
		{F99C5340-2EA5-432F-873E-AC0AEBC8837D}.Debug|Any CPU.ActiveCfg = Debug|Any CPU
		{F99C5340-2EA5-432F-873E-AC0AEBC8837D}.Debug|Any CPU.Build.0 = Debug|Any CPU
		{F99C5340-2EA5-432F-873E-AC0AEBC8837D}.Release|Any CPU.ActiveCfg = Release|Any CPU
		{F99C5340-2EA5-432F-873E-AC0AEBC8837D}.Release|Any CPU.Build.0 = Release|Any CPU
	EndGlobalSection
	GlobalSection(SolutionProperties) = preSolution
		HideSolutionNode = FALSE
	EndGlobalSection
	GlobalSection(ExtensibilityGlobals) = postSolution
		SolutionGuid = {A9C8CBF4-FBD9-4404-A173-C64041F09F5F}
	EndGlobalSection
EndGlobal
