
Microsoft Visual Studio Solution File, Format Version 12.00
# Visual Studio Version 16
VisualStudioVersion = 16.0.29709.97
MinimumVisualStudioVersion = 10.0.40219.1
Project("{FAE04EC0-301F-11D3-BF4B-00C04F79EFBC}") = "L17CW", "L17CW.csproj", "{EF13C33F-003B-45D8-B8F0-A7F80FA7D129}"
EndProject
Global
	GlobalSection(SolutionConfigurationPlatforms) = preSolution
		Debug|Any CPU = Debug|Any CPU
		Release|Any CPU = Release|Any CPU
	EndGlobalSection
	GlobalSection(ProjectConfigurationPlatforms) = postSolution
		{EF13C33F-003B-45D8-B8F0-A7F80FA7D129}.Debug|Any CPU.ActiveCfg = Debug|Any CPU
		{EF13C33F-003B-45D8-B8F0-A7F80FA7D129}.Debug|Any CPU.Build.0 = Debug|Any CPU
		{EF13C33F-003B-45D8-B8F0-A7F80FA7D129}.Release|Any CPU.ActiveCfg = Release|Any CPU
		{EF13C33F-003B-45D8-B8F0-A7F80FA7D129}.Release|Any CPU.Build.0 = Release|Any CPU
	EndGlobalSection
	GlobalSection(SolutionProperties) = preSolution
		HideSolutionNode = FALSE
	EndGlobalSection
	GlobalSection(ExtensibilityGlobals) = postSolution
		SolutionGuid = {81E41823-796C-4109-B87A-585824303517}
	EndGlobalSection
EndGlobal
